
Microsoft Visual Studio Solution File, Format Version 12.00
# Visual Studio Version 16
VisualStudioVersion = 16.0.32228.343
MinimumVisualStudioVersion = 10.0.40219.1
Project("{FAE04EC0-301F-11D3-BF4B-00C04F79EFBC}") = "PredmetProjekat", "PredmetProjekat\PredmetProjekat.csproj", "{15F3A7AF-A00E-4FFA-ABDC-010FCDF24C28}"
EndProject
Project("{FAE04EC0-301F-11D3-BF4B-00C04F79EFBC}") = "BFS", "BFS\BFS.csproj", "{958CD829-7067-45FD-AED9-3DE83A7A1F2E}"
EndProject
Project("{FAE04EC0-301F-11D3-BF4B-00C04F79EFBC}") = "Models", "Models\Models.csproj", "{0D5A7265-6583-4E93-9BCF-B4304D5DB77B}"
EndProject
Global
	GlobalSection(SolutionConfigurationPlatforms) = preSolution
		Debug|Any CPU = Debug|Any CPU
		Release|Any CPU = Release|Any CPU
	EndGlobalSection
	GlobalSection(ProjectConfigurationPlatforms) = postSolution
		{15F3A7AF-A00E-4FFA-ABDC-010FCDF24C28}.Debug|Any CPU.ActiveCfg = Debug|Any CPU
		{15F3A7AF-A00E-4FFA-ABDC-010FCDF24C28}.Debug|Any CPU.Build.0 = Debug|Any CPU
		{15F3A7AF-A00E-4FFA-ABDC-010FCDF24C28}.Release|Any CPU.ActiveCfg = Release|Any CPU
		{15F3A7AF-A00E-4FFA-ABDC-010FCDF24C28}.Release|Any CPU.Build.0 = Release|Any CPU
		{958CD829-7067-45FD-AED9-3DE83A7A1F2E}.Debug|Any CPU.ActiveCfg = Debug|Any CPU
		{958CD829-7067-45FD-AED9-3DE83A7A1F2E}.Debug|Any CPU.Build.0 = Debug|Any CPU
		{958CD829-7067-45FD-AED9-3DE83A7A1F2E}.Release|Any CPU.ActiveCfg = Release|Any CPU
		{958CD829-7067-45FD-AED9-3DE83A7A1F2E}.Release|Any CPU.Build.0 = Release|Any CPU
		{0D5A7265-6583-4E93-9BCF-B4304D5DB77B}.Debug|Any CPU.ActiveCfg = Debug|Any CPU
		{0D5A7265-6583-4E93-9BCF-B4304D5DB77B}.Debug|Any CPU.Build.0 = Debug|Any CPU
		{0D5A7265-6583-4E93-9BCF-B4304D5DB77B}.Release|Any CPU.ActiveCfg = Release|Any CPU
		{0D5A7265-6583-4E93-9BCF-B4304D5DB77B}.Release|Any CPU.Build.0 = Release|Any CPU
	EndGlobalSection
	GlobalSection(SolutionProperties) = preSolution
		HideSolutionNode = FALSE
	EndGlobalSection
	GlobalSection(ExtensibilityGlobals) = postSolution
		SolutionGuid = {FBD45BC5-8CD3-4A2F-956D-83608473DD0F}
	EndGlobalSection
EndGlobal
